// !$*UTF8*$!
{
	archiveVersion = 1;
	classes = {
	};
	objectVersion = 50;
	objects = {

/* Begin PBXBuildFile section */
		26D7880A9379A175353E71C6 /* Pods_BRIDGE_Driver.framework in Frameworks */ = {isa = PBXBuildFile; fileRef = 0CE11723CEBDDDD1931C1C2A /* Pods_BRIDGE_Driver.framework */; };
		4F12192B210F7B0100BE0BD4 /* AppDelegate.swift in Sources */ = {isa = PBXBuildFile; fileRef = 4F12192A210F7B0100BE0BD4 /* AppDelegate.swift */; };
		4F121930210F7B0100BE0BD4 /* Main.storyboard in Resources */ = {isa = PBXBuildFile; fileRef = 4F12192E210F7B0100BE0BD4 /* Main.storyboard */; };
		4F121933210F7B0100BE0BD4 /* BRIDGE_Driver.xcdatamodeld in Sources */ = {isa = PBXBuildFile; fileRef = 4F121931210F7B0100BE0BD4 /* BRIDGE_Driver.xcdatamodeld */; };
		4F121935210F7B0400BE0BD4 /* Assets.xcassets in Resources */ = {isa = PBXBuildFile; fileRef = 4F121934210F7B0400BE0BD4 /* Assets.xcassets */; };
		4F121938210F7B0400BE0BD4 /* LaunchScreen.storyboard in Resources */ = {isa = PBXBuildFile; fileRef = 4F121936210F7B0400BE0BD4 /* LaunchScreen.storyboard */; };
		4F121945210F8B3400BE0BD4 /* WelcomeViewController.swift in Sources */ = {isa = PBXBuildFile; fileRef = 4F121941210F8B3400BE0BD4 /* WelcomeViewController.swift */; };
		4F121946210F8B3400BE0BD4 /* ViewController.swift in Sources */ = {isa = PBXBuildFile; fileRef = 4F121942210F8B3400BE0BD4 /* ViewController.swift */; };
		4F12194E210FA3B000BE0BD4 /* ConnectionErrorViewController.swift in Sources */ = {isa = PBXBuildFile; fileRef = 4F12194B210FA3B000BE0BD4 /* ConnectionErrorViewController.swift */; };
		4F12194F210FA3B000BE0BD4 /* CheckUserLoggedViewController.swift in Sources */ = {isa = PBXBuildFile; fileRef = 4F12194C210FA3B000BE0BD4 /* CheckUserLoggedViewController.swift */; };
		4F121950210FA3B000BE0BD4 /* ConnectionCheckerViewController.swift in Sources */ = {isa = PBXBuildFile; fileRef = 4F12194D210FA3B000BE0BD4 /* ConnectionCheckerViewController.swift */; };
		4F121959210FB7CE00BE0BD4 /* Initialization.swift in Sources */ = {isa = PBXBuildFile; fileRef = 4F121958210FB7CE00BE0BD4 /* Initialization.swift */; };
		4F12195C210FE1B900BE0BD4 /* DriverNavViewController.swift in Sources */ = {isa = PBXBuildFile; fileRef = 4F12195A210FE1B800BE0BD4 /* DriverNavViewController.swift */; };
		4F12195D210FE1B900BE0BD4 /* DriverViewController.swift in Sources */ = {isa = PBXBuildFile; fileRef = 4F12195B210FE1B900BE0BD4 /* DriverViewController.swift */; };
		4F12195F210FE1DB00BE0BD4 /* RideRequestsTableViewCell.swift in Sources */ = {isa = PBXBuildFile; fileRef = 4F12195E210FE1DB00BE0BD4 /* RideRequestsTableViewCell.swift */; };
		4F1B30092110CDFF004EF617 /* AccountViewController.swift in Sources */ = {isa = PBXBuildFile; fileRef = 4F1B30082110CDFE004EF617 /* AccountViewController.swift */; };
		4F3FFF742123B80C002D6BDC /* GoogleService-Info.plist in Resources */ = {isa = PBXBuildFile; fileRef = 4F3FFF732123B80C002D6BDC /* GoogleService-Info.plist */; };
		4F73376B2112302C00DD005E /* MapsNavViewController.swift in Sources */ = {isa = PBXBuildFile; fileRef = 4F73376A2112302C00DD005E /* MapsNavViewController.swift */; };
		4FDA5B922124A83300BDA5D0 /* Montserrat-SemiBoldItalic.ttf in Resources */ = {isa = PBXBuildFile; fileRef = 4FDA5B802124A82600BDA5D0 /* Montserrat-SemiBoldItalic.ttf */; };
		4FDA5B932124A83300BDA5D0 /* Montserrat-ExtraLight.ttf in Resources */ = {isa = PBXBuildFile; fileRef = 4FDA5B812124A82700BDA5D0 /* Montserrat-ExtraLight.ttf */; };
		4FDA5B942124A83300BDA5D0 /* Montserrat-ThinItalic.ttf in Resources */ = {isa = PBXBuildFile; fileRef = 4FDA5B822124A82800BDA5D0 /* Montserrat-ThinItalic.ttf */; };
		4FDA5B952124A83300BDA5D0 /* Montserrat-ExtraBoldItalic.ttf in Resources */ = {isa = PBXBuildFile; fileRef = 4FDA5B832124A82800BDA5D0 /* Montserrat-ExtraBoldItalic.ttf */; };
		4FDA5B962124A83300BDA5D0 /* Montserrat-Medium.ttf in Resources */ = {isa = PBXBuildFile; fileRef = 4FDA5B842124A82900BDA5D0 /* Montserrat-Medium.ttf */; };
		4FDA5B972124A83300BDA5D0 /* Montserrat-Black.ttf in Resources */ = {isa = PBXBuildFile; fileRef = 4FDA5B852124A82A00BDA5D0 /* Montserrat-Black.ttf */; };
		4FDA5B982124A83300BDA5D0 /* Montserrat-Thin.ttf in Resources */ = {isa = PBXBuildFile; fileRef = 4FDA5B862124A82A00BDA5D0 /* Montserrat-Thin.ttf */; };
		4FDA5B992124A83300BDA5D0 /* Montserrat-ExtraLightItalic.ttf in Resources */ = {isa = PBXBuildFile; fileRef = 4FDA5B872124A82B00BDA5D0 /* Montserrat-ExtraLightItalic.ttf */; };
		4FDA5B9A2124A83300BDA5D0 /* Montserrat-Regular.ttf in Resources */ = {isa = PBXBuildFile; fileRef = 4FDA5B882124A82C00BDA5D0 /* Montserrat-Regular.ttf */; };
		4FDA5B9B2124A83300BDA5D0 /* Montserrat-SemiBold.ttf in Resources */ = {isa = PBXBuildFile; fileRef = 4FDA5B892124A82D00BDA5D0 /* Montserrat-SemiBold.ttf */; };
		4FDA5B9C2124A83300BDA5D0 /* Montserrat-MediumItalic.ttf in Resources */ = {isa = PBXBuildFile; fileRef = 4FDA5B8A2124A82D00BDA5D0 /* Montserrat-MediumItalic.ttf */; };
		4FDA5B9D2124A83300BDA5D0 /* Montserrat-BlackItalic.ttf in Resources */ = {isa = PBXBuildFile; fileRef = 4FDA5B8B2124A82E00BDA5D0 /* Montserrat-BlackItalic.ttf */; };
		4FDA5B9E2124A83300BDA5D0 /* Montserrat-ExtraBold.ttf in Resources */ = {isa = PBXBuildFile; fileRef = 4FDA5B8C2124A82F00BDA5D0 /* Montserrat-ExtraBold.ttf */; };
		4FDA5B9F2124A83300BDA5D0 /* Montserrat-BoldItalic.ttf in Resources */ = {isa = PBXBuildFile; fileRef = 4FDA5B8D2124A83000BDA5D0 /* Montserrat-BoldItalic.ttf */; };
		4FDA5BA02124A83300BDA5D0 /* Montserrat-Bold.ttf in Resources */ = {isa = PBXBuildFile; fileRef = 4FDA5B8E2124A83000BDA5D0 /* Montserrat-Bold.ttf */; };
		4FDA5BA12124A83300BDA5D0 /* Montserrat-LightItalic.ttf in Resources */ = {isa = PBXBuildFile; fileRef = 4FDA5B8F2124A83200BDA5D0 /* Montserrat-LightItalic.ttf */; };
		4FDA5BA22124A83300BDA5D0 /* Montserrat-Light.ttf in Resources */ = {isa = PBXBuildFile; fileRef = 4FDA5B902124A83200BDA5D0 /* Montserrat-Light.ttf */; };
		4FDA5BA32124A83300BDA5D0 /* Montserrat-Italic.ttf in Resources */ = {isa = PBXBuildFile; fileRef = 4FDA5B912124A83300BDA5D0 /* Montserrat-Italic.ttf */; };
		4FF938E3211E635900C55AFE /* RiderLocationViewController.swift in Sources */ = {isa = PBXBuildFile; fileRef = 4FF938E2211E635900C55AFE /* RiderLocationViewController.swift */; };
		4FF938E7211EC88600C55AFE /* DestMapsNavViewController.swift in Sources */ = {isa = PBXBuildFile; fileRef = 4FF938E6211EC88600C55AFE /* DestMapsNavViewController.swift */; };
/* End PBXBuildFile section */

/* Begin PBXFileReference section */
		05B72B315184D7AF5A483612 /* Pods-BRIDGE-Driver.release.xcconfig */ = {isa = PBXFileReference; includeInIndex = 1; lastKnownFileType = text.xcconfig; name = "Pods-BRIDGE-Driver.release.xcconfig"; path = "Pods/Target Support Files/Pods-BRIDGE-Driver/Pods-BRIDGE-Driver.release.xcconfig"; sourceTree = "<group>"; };
		0CE11723CEBDDDD1931C1C2A /* Pods_BRIDGE_Driver.framework */ = {isa = PBXFileReference; explicitFileType = wrapper.framework; includeInIndex = 0; path = Pods_BRIDGE_Driver.framework; sourceTree = BUILT_PRODUCTS_DIR; };
		4F121927210F7B0100BE0BD4 /* BRIDGE-Driver.app */ = {isa = PBXFileReference; explicitFileType = wrapper.application; includeInIndex = 0; path = "BRIDGE-Driver.app"; sourceTree = BUILT_PRODUCTS_DIR; };
		4F12192A210F7B0100BE0BD4 /* AppDelegate.swift */ = {isa = PBXFileReference; lastKnownFileType = sourcecode.swift; path = AppDelegate.swift; sourceTree = "<group>"; };
		4F12192F210F7B0100BE0BD4 /* Base */ = {isa = PBXFileReference; lastKnownFileType = file.storyboard; name = Base; path = Base.lproj/Main.storyboard; sourceTree = "<group>"; };
		4F121932210F7B0100BE0BD4 /* BRIDGE_Driver.xcdatamodel */ = {isa = PBXFileReference; lastKnownFileType = wrapper.xcdatamodel; path = BRIDGE_Driver.xcdatamodel; sourceTree = "<group>"; };
		4F121934210F7B0400BE0BD4 /* Assets.xcassets */ = {isa = PBXFileReference; lastKnownFileType = folder.assetcatalog; path = Assets.xcassets; sourceTree = "<group>"; };
		4F121937210F7B0400BE0BD4 /* Base */ = {isa = PBXFileReference; lastKnownFileType = file.storyboard; name = Base; path = Base.lproj/LaunchScreen.storyboard; sourceTree = "<group>"; };
		4F121939210F7B0400BE0BD4 /* Info.plist */ = {isa = PBXFileReference; lastKnownFileType = text.plist.xml; path = Info.plist; sourceTree = "<group>"; };
		4F121941210F8B3400BE0BD4 /* WelcomeViewController.swift */ = {isa = PBXFileReference; fileEncoding = 4; lastKnownFileType = sourcecode.swift; path = WelcomeViewController.swift; sourceTree = "<group>"; };
		4F121942210F8B3400BE0BD4 /* ViewController.swift */ = {isa = PBXFileReference; fileEncoding = 4; lastKnownFileType = sourcecode.swift; path = ViewController.swift; sourceTree = "<group>"; };
		4F12194B210FA3B000BE0BD4 /* ConnectionErrorViewController.swift */ = {isa = PBXFileReference; lastKnownFileType = sourcecode.swift; path = ConnectionErrorViewController.swift; sourceTree = "<group>"; };
		4F12194C210FA3B000BE0BD4 /* CheckUserLoggedViewController.swift */ = {isa = PBXFileReference; lastKnownFileType = sourcecode.swift; path = CheckUserLoggedViewController.swift; sourceTree = "<group>"; };
		4F12194D210FA3B000BE0BD4 /* ConnectionCheckerViewController.swift */ = {isa = PBXFileReference; lastKnownFileType = sourcecode.swift; path = ConnectionCheckerViewController.swift; sourceTree = "<group>"; };
		4F121951210FA3BD00BE0BD4 /* BridgeDemoRouteDropOff.gpx */ = {isa = PBXFileReference; lastKnownFileType = text.xml; path = BridgeDemoRouteDropOff.gpx; sourceTree = "<group>"; };
		4F121952210FA3BD00BE0BD4 /* BridgeDemoRoutePickup.gpx */ = {isa = PBXFileReference; lastKnownFileType = text.xml; path = BridgeDemoRoutePickup.gpx; sourceTree = "<group>"; };
		4F121953210FA3BE00BE0BD4 /* BridgeDemoDriverStart.gpx */ = {isa = PBXFileReference; lastKnownFileType = text.xml; path = BridgeDemoDriverStart.gpx; sourceTree = "<group>"; };
		4F121954210FA3BE00BE0BD4 /* BridgeDemoDropLocation.gpx */ = {isa = PBXFileReference; lastKnownFileType = text.xml; path = BridgeDemoDropLocation.gpx; sourceTree = "<group>"; };
		4F121955210FA3BE00BE0BD4 /* BridgeDemoRiderLocation.gpx */ = {isa = PBXFileReference; lastKnownFileType = text.xml; path = BridgeDemoRiderLocation.gpx; sourceTree = "<group>"; };
		4F121958210FB7CE00BE0BD4 /* Initialization.swift */ = {isa = PBXFileReference; fileEncoding = 4; lastKnownFileType = sourcecode.swift; path = Initialization.swift; sourceTree = "<group>"; };
		4F12195A210FE1B800BE0BD4 /* DriverNavViewController.swift */ = {isa = PBXFileReference; fileEncoding = 4; lastKnownFileType = sourcecode.swift; path = DriverNavViewController.swift; sourceTree = "<group>"; };
		4F12195B210FE1B900BE0BD4 /* DriverViewController.swift */ = {isa = PBXFileReference; fileEncoding = 4; lastKnownFileType = sourcecode.swift; path = DriverViewController.swift; sourceTree = "<group>"; };
		4F12195E210FE1DB00BE0BD4 /* RideRequestsTableViewCell.swift */ = {isa = PBXFileReference; fileEncoding = 4; lastKnownFileType = sourcecode.swift; path = RideRequestsTableViewCell.swift; sourceTree = "<group>"; };
		4F1B30082110CDFE004EF617 /* AccountViewController.swift */ = {isa = PBXFileReference; fileEncoding = 4; lastKnownFileType = sourcecode.swift; path = AccountViewController.swift; sourceTree = "<group>"; };
		4F3FFF732123B80C002D6BDC /* GoogleService-Info.plist */ = {isa = PBXFileReference; fileEncoding = 4; lastKnownFileType = text.plist.xml; path = "GoogleService-Info.plist"; sourceTree = "<group>"; };
		4F5047B4212146960038C55E /* BRIDGE-Driver.entitlements */ = {isa = PBXFileReference; lastKnownFileType = text.plist.entitlements; path = "BRIDGE-Driver.entitlements"; sourceTree = "<group>"; };
		4F73376A2112302C00DD005E /* MapsNavViewController.swift */ = {isa = PBXFileReference; lastKnownFileType = sourcecode.swift; path = MapsNavViewController.swift; sourceTree = "<group>"; };
		4FDA5B802124A82600BDA5D0 /* Montserrat-SemiBoldItalic.ttf */ = {isa = PBXFileReference; lastKnownFileType = file; path = "Montserrat-SemiBoldItalic.ttf"; sourceTree = "<group>"; };
		4FDA5B812124A82700BDA5D0 /* Montserrat-ExtraLight.ttf */ = {isa = PBXFileReference; lastKnownFileType = file; path = "Montserrat-ExtraLight.ttf"; sourceTree = "<group>"; };
		4FDA5B822124A82800BDA5D0 /* Montserrat-ThinItalic.ttf */ = {isa = PBXFileReference; lastKnownFileType = file; path = "Montserrat-ThinItalic.ttf"; sourceTree = "<group>"; };
		4FDA5B832124A82800BDA5D0 /* Montserrat-ExtraBoldItalic.ttf */ = {isa = PBXFileReference; lastKnownFileType = file; path = "Montserrat-ExtraBoldItalic.ttf"; sourceTree = "<group>"; };
		4FDA5B842124A82900BDA5D0 /* Montserrat-Medium.ttf */ = {isa = PBXFileReference; lastKnownFileType = file; path = "Montserrat-Medium.ttf"; sourceTree = "<group>"; };
		4FDA5B852124A82A00BDA5D0 /* Montserrat-Black.ttf */ = {isa = PBXFileReference; lastKnownFileType = file; path = "Montserrat-Black.ttf"; sourceTree = "<group>"; };
		4FDA5B862124A82A00BDA5D0 /* Montserrat-Thin.ttf */ = {isa = PBXFileReference; lastKnownFileType = file; path = "Montserrat-Thin.ttf"; sourceTree = "<group>"; };
		4FDA5B872124A82B00BDA5D0 /* Montserrat-ExtraLightItalic.ttf */ = {isa = PBXFileReference; lastKnownFileType = file; path = "Montserrat-ExtraLightItalic.ttf"; sourceTree = "<group>"; };
		4FDA5B882124A82C00BDA5D0 /* Montserrat-Regular.ttf */ = {isa = PBXFileReference; lastKnownFileType = file; path = "Montserrat-Regular.ttf"; sourceTree = "<group>"; };
		4FDA5B892124A82D00BDA5D0 /* Montserrat-SemiBold.ttf */ = {isa = PBXFileReference; lastKnownFileType = file; path = "Montserrat-SemiBold.ttf"; sourceTree = "<group>"; };
		4FDA5B8A2124A82D00BDA5D0 /* Montserrat-MediumItalic.ttf */ = {isa = PBXFileReference; lastKnownFileType = file; path = "Montserrat-MediumItalic.ttf"; sourceTree = "<group>"; };
		4FDA5B8B2124A82E00BDA5D0 /* Montserrat-BlackItalic.ttf */ = {isa = PBXFileReference; lastKnownFileType = file; path = "Montserrat-BlackItalic.ttf"; sourceTree = "<group>"; };
		4FDA5B8C2124A82F00BDA5D0 /* Montserrat-ExtraBold.ttf */ = {isa = PBXFileReference; lastKnownFileType = file; path = "Montserrat-ExtraBold.ttf"; sourceTree = "<group>"; };
		4FDA5B8D2124A83000BDA5D0 /* Montserrat-BoldItalic.ttf */ = {isa = PBXFileReference; lastKnownFileType = file; path = "Montserrat-BoldItalic.ttf"; sourceTree = "<group>"; };
		4FDA5B8E2124A83000BDA5D0 /* Montserrat-Bold.ttf */ = {isa = PBXFileReference; lastKnownFileType = file; path = "Montserrat-Bold.ttf"; sourceTree = "<group>"; };
		4FDA5B8F2124A83200BDA5D0 /* Montserrat-LightItalic.ttf */ = {isa = PBXFileReference; lastKnownFileType = file; path = "Montserrat-LightItalic.ttf"; sourceTree = "<group>"; };
		4FDA5B902124A83200BDA5D0 /* Montserrat-Light.ttf */ = {isa = PBXFileReference; lastKnownFileType = file; path = "Montserrat-Light.ttf"; sourceTree = "<group>"; };
		4FDA5B912124A83300BDA5D0 /* Montserrat-Italic.ttf */ = {isa = PBXFileReference; lastKnownFileType = file; path = "Montserrat-Italic.ttf"; sourceTree = "<group>"; };
		4FF938E2211E635900C55AFE /* RiderLocationViewController.swift */ = {isa = PBXFileReference; fileEncoding = 4; lastKnownFileType = sourcecode.swift; path = RiderLocationViewController.swift; sourceTree = "<group>"; };
		4FF938E6211EC88600C55AFE /* DestMapsNavViewController.swift */ = {isa = PBXFileReference; lastKnownFileType = sourcecode.swift; path = DestMapsNavViewController.swift; sourceTree = "<group>"; };
		82B8781CE4C24408E5C9E78C /* Pods-BRIDGE-Driver.debug.xcconfig */ = {isa = PBXFileReference; includeInIndex = 1; lastKnownFileType = text.xcconfig; name = "Pods-BRIDGE-Driver.debug.xcconfig"; path = "Pods/Target Support Files/Pods-BRIDGE-Driver/Pods-BRIDGE-Driver.debug.xcconfig"; sourceTree = "<group>"; };
/* End PBXFileReference section */

/* Begin PBXFrameworksBuildPhase section */
		4F121924210F7B0100BE0BD4 /* Frameworks */ = {
			isa = PBXFrameworksBuildPhase;
			buildActionMask = 2147483647;
			files = (
				26D7880A9379A175353E71C6 /* Pods_BRIDGE_Driver.framework in Frameworks */,
			);
			runOnlyForDeploymentPostprocessing = 0;
		};
/* End PBXFrameworksBuildPhase section */

/* Begin PBXGroup section */
		141C1CDA16126A6ACD01F348 /* Pods */ = {
			isa = PBXGroup;
			children = (
				82B8781CE4C24408E5C9E78C /* Pods-BRIDGE-Driver.debug.xcconfig */,
				05B72B315184D7AF5A483612 /* Pods-BRIDGE-Driver.release.xcconfig */,
			);
			name = Pods;
			sourceTree = "<group>";
		};
		4F12191E210F7B0100BE0BD4 = {
			isa = PBXGroup;
			children = (
				4FDA5BA42124A88000BDA5D0 /* Resources */,
				4F121929210F7B0100BE0BD4 /* BRIDGE-Driver */,
				4F121928210F7B0100BE0BD4 /* Products */,
				141C1CDA16126A6ACD01F348 /* Pods */,
				F855C9CB9B3F5421A7122E82 /* Frameworks */,
			);
			sourceTree = "<group>";
		};
		4F121928210F7B0100BE0BD4 /* Products */ = {
			isa = PBXGroup;
			children = (
				4F121927210F7B0100BE0BD4 /* BRIDGE-Driver.app */,
			);
			name = Products;
			sourceTree = "<group>";
		};
		4F121929210F7B0100BE0BD4 /* BRIDGE-Driver */ = {
			isa = PBXGroup;
			children = (
				4F5047B4212146960038C55E /* BRIDGE-Driver.entitlements */,
				4F121958210FB7CE00BE0BD4 /* Initialization.swift */,
				4F12192A210F7B0100BE0BD4 /* AppDelegate.swift */,
				4F121956210FB78200BE0BD4 /* Startup */,
				4F121942210F8B3400BE0BD4 /* ViewController.swift */,
				4F121941210F8B3400BE0BD4 /* WelcomeViewController.swift */,
				4F121960210FE1FA00BE0BD4 /* Driver */,
				4F1F0D2A2110F7C300DC38D7 /* Account */,
				4F12192E210F7B0100BE0BD4 /* Main.storyboard */,
				4F121934210F7B0400BE0BD4 /* Assets.xcassets */,
				4F121936210F7B0400BE0BD4 /* LaunchScreen.storyboard */,
				4F121957210FB79600BE0BD4 /* GPX Files */,
				4F121939210F7B0400BE0BD4 /* Info.plist */,
				4F3FFF732123B80C002D6BDC /* GoogleService-Info.plist */,
				4F121931210F7B0100BE0BD4 /* BRIDGE_Driver.xcdatamodeld */,
			);
			path = "BRIDGE-Driver";
			sourceTree = "<group>";
		};
		4F121956210FB78200BE0BD4 /* Startup */ = {
			isa = PBXGroup;
			children = (
				4F12194C210FA3B000BE0BD4 /* CheckUserLoggedViewController.swift */,
				4F12194D210FA3B000BE0BD4 /* ConnectionCheckerViewController.swift */,
				4F12194B210FA3B000BE0BD4 /* ConnectionErrorViewController.swift */,
			);
			path = Startup;
			sourceTree = "<group>";
		};
		4F121957210FB79600BE0BD4 /* GPX Files */ = {
			isa = PBXGroup;
			children = (
				4F121953210FA3BE00BE0BD4 /* BridgeDemoDriverStart.gpx */,
				4F121954210FA3BE00BE0BD4 /* BridgeDemoDropLocation.gpx */,
				4F121955210FA3BE00BE0BD4 /* BridgeDemoRiderLocation.gpx */,
				4F121951210FA3BD00BE0BD4 /* BridgeDemoRouteDropOff.gpx */,
				4F121952210FA3BD00BE0BD4 /* BridgeDemoRoutePickup.gpx */,
			);
			path = "GPX Files";
			sourceTree = "<group>";
		};
		4F121960210FE1FA00BE0BD4 /* Driver */ = {
			isa = PBXGroup;
			children = (
				4F12195B210FE1B900BE0BD4 /* DriverViewController.swift */,
				4F12195E210FE1DB00BE0BD4 /* RideRequestsTableViewCell.swift */,
				4F12195A210FE1B800BE0BD4 /* DriverNavViewController.swift */,
				4F73376A2112302C00DD005E /* MapsNavViewController.swift */,
				4FF938E2211E635900C55AFE /* RiderLocationViewController.swift */,
				4FF938E6211EC88600C55AFE /* DestMapsNavViewController.swift */,
			);
			path = Driver;
			sourceTree = "<group>";
		};
		4F1F0D2A2110F7C300DC38D7 /* Account */ = {
			isa = PBXGroup;
			children = (
				4F1B30082110CDFE004EF617 /* AccountViewController.swift */,
			);
			path = Account;
			sourceTree = "<group>";
		};
		4FDA5BA42124A88000BDA5D0 /* Resources */ = {
			isa = PBXGroup;
			children = (
				4FDA5B902124A83200BDA5D0 /* Montserrat-Light.ttf */,
				4FDA5B892124A82D00BDA5D0 /* Montserrat-SemiBold.ttf */,
				4FDA5B812124A82700BDA5D0 /* Montserrat-ExtraLight.ttf */,
				4FDA5B862124A82A00BDA5D0 /* Montserrat-Thin.ttf */,
				4FDA5B822124A82800BDA5D0 /* Montserrat-ThinItalic.ttf */,
				4FDA5B882124A82C00BDA5D0 /* Montserrat-Regular.ttf */,
				4FDA5B852124A82A00BDA5D0 /* Montserrat-Black.ttf */,
				4FDA5B8E2124A83000BDA5D0 /* Montserrat-Bold.ttf */,
				4FDA5B8C2124A82F00BDA5D0 /* Montserrat-ExtraBold.ttf */,
				4FDA5B842124A82900BDA5D0 /* Montserrat-Medium.ttf */,
				4FDA5B872124A82B00BDA5D0 /* Montserrat-ExtraLightItalic.ttf */,
				4FDA5B8F2124A83200BDA5D0 /* Montserrat-LightItalic.ttf */,
				4FDA5B912124A83300BDA5D0 /* Montserrat-Italic.ttf */,
				4FDA5B8A2124A82D00BDA5D0 /* Montserrat-MediumItalic.ttf */,
				4FDA5B802124A82600BDA5D0 /* Montserrat-SemiBoldItalic.ttf */,
				4FDA5B8D2124A83000BDA5D0 /* Montserrat-BoldItalic.ttf */,
				4FDA5B8B2124A82E00BDA5D0 /* Montserrat-BlackItalic.ttf */,
				4FDA5B832124A82800BDA5D0 /* Montserrat-ExtraBoldItalic.ttf */,
			);
			name = Resources;
			sourceTree = "<group>";
		};
		F855C9CB9B3F5421A7122E82 /* Frameworks */ = {
			isa = PBXGroup;
			children = (
				0CE11723CEBDDDD1931C1C2A /* Pods_BRIDGE_Driver.framework */,
			);
			name = Frameworks;
			sourceTree = "<group>";
		};
/* End PBXGroup section */

/* Begin PBXNativeTarget section */
		4F121926210F7B0100BE0BD4 /* BRIDGE-Driver */ = {
			isa = PBXNativeTarget;
			buildConfigurationList = 4F12193C210F7B0400BE0BD4 /* Build configuration list for PBXNativeTarget "BRIDGE-Driver" */;
			buildPhases = (
				807DE978A5DBD93EAF498E0D /* [CP] Check Pods Manifest.lock */,
				4F121923210F7B0100BE0BD4 /* Sources */,
				4F121924210F7B0100BE0BD4 /* Frameworks */,
				4F121925210F7B0100BE0BD4 /* Resources */,
				8393BA3D554170E8462DEAD2 /* [CP] Embed Pods Frameworks */,
				B204367DD087BD351705B69F /* [CP] Copy Pods Resources */,
			);
			buildRules = (
			);
			dependencies = (
			);
			name = "BRIDGE-Driver";
			productName = "BRIDGE-Driver";
			productReference = 4F121927210F7B0100BE0BD4 /* BRIDGE-Driver.app */;
			productType = "com.apple.product-type.application";
		};
/* End PBXNativeTarget section */

/* Begin PBXProject section */
		4F12191F210F7B0100BE0BD4 /* Project object */ = {
			isa = PBXProject;
			attributes = {
				LastSwiftUpdateCheck = 0940;
				LastUpgradeCheck = 0940;
				ORGANIZATIONNAME = "Bharat Kathi";
				TargetAttributes = {
					4F121926210F7B0100BE0BD4 = {
						CreatedOnToolsVersion = 9.4.1;
						SystemCapabilities = {
							com.apple.BackgroundModes = {
								enabled = 1;
							};
							com.apple.Push = {
								enabled = 1;
							};
						};
					};
				};
			};
			buildConfigurationList = 4F121922210F7B0100BE0BD4 /* Build configuration list for PBXProject "BRIDGE-Driver" */;
			compatibilityVersion = "Xcode 9.3";
			developmentRegion = en;
			hasScannedForEncodings = 0;
			knownRegions = (
				en,
				Base,
			);
			mainGroup = 4F12191E210F7B0100BE0BD4;
			productRefGroup = 4F121928210F7B0100BE0BD4 /* Products */;
			projectDirPath = "";
			projectRoot = "";
			targets = (
				4F121926210F7B0100BE0BD4 /* BRIDGE-Driver */,
			);
		};
/* End PBXProject section */

/* Begin PBXResourcesBuildPhase section */
		4F121925210F7B0100BE0BD4 /* Resources */ = {
			isa = PBXResourcesBuildPhase;
			buildActionMask = 2147483647;
			files = (
				4FDA5BA22124A83300BDA5D0 /* Montserrat-Light.ttf in Resources */,
				4FDA5B9F2124A83300BDA5D0 /* Montserrat-BoldItalic.ttf in Resources */,
				4FDA5B9E2124A83300BDA5D0 /* Montserrat-ExtraBold.ttf in Resources */,
				4F121938210F7B0400BE0BD4 /* LaunchScreen.storyboard in Resources */,
				4FDA5B972124A83300BDA5D0 /* Montserrat-Black.ttf in Resources */,
				4FDA5B952124A83300BDA5D0 /* Montserrat-ExtraBoldItalic.ttf in Resources */,
				4FDA5B942124A83300BDA5D0 /* Montserrat-ThinItalic.ttf in Resources */,
				4FDA5B932124A83300BDA5D0 /* Montserrat-ExtraLight.ttf in Resources */,
				4FDA5B9D2124A83300BDA5D0 /* Montserrat-BlackItalic.ttf in Resources */,
				4FDA5BA12124A83300BDA5D0 /* Montserrat-LightItalic.ttf in Resources */,
				4FDA5B992124A83300BDA5D0 /* Montserrat-ExtraLightItalic.ttf in Resources */,
				4FDA5B9A2124A83300BDA5D0 /* Montserrat-Regular.ttf in Resources */,
				4F3FFF742123B80C002D6BDC /* GoogleService-Info.plist in Resources */,
				4FDA5BA32124A83300BDA5D0 /* Montserrat-Italic.ttf in Resources */,
				4F121935210F7B0400BE0BD4 /* Assets.xcassets in Resources */,
				4FDA5B982124A83300BDA5D0 /* Montserrat-Thin.ttf in Resources */,
				4FDA5BA02124A83300BDA5D0 /* Montserrat-Bold.ttf in Resources */,
				4FDA5B9C2124A83300BDA5D0 /* Montserrat-MediumItalic.ttf in Resources */,
				4FDA5B9B2124A83300BDA5D0 /* Montserrat-SemiBold.ttf in Resources */,
				4FDA5B922124A83300BDA5D0 /* Montserrat-SemiBoldItalic.ttf in Resources */,
				4FDA5B962124A83300BDA5D0 /* Montserrat-Medium.ttf in Resources */,
				4F121930210F7B0100BE0BD4 /* Main.storyboard in Resources */,
			);
			runOnlyForDeploymentPostprocessing = 0;
		};
/* End PBXResourcesBuildPhase section */

/* Begin PBXShellScriptBuildPhase section */
		807DE978A5DBD93EAF498E0D /* [CP] Check Pods Manifest.lock */ = {
			isa = PBXShellScriptBuildPhase;
			buildActionMask = 2147483647;
			files = (
			);
			inputPaths = (
				"${PODS_PODFILE_DIR_PATH}/Podfile.lock",
				"${PODS_ROOT}/Manifest.lock",
			);
			name = "[CP] Check Pods Manifest.lock";
			outputPaths = (
				"$(DERIVED_FILE_DIR)/Pods-BRIDGE-Driver-checkManifestLockResult.txt",
			);
			runOnlyForDeploymentPostprocessing = 0;
			shellPath = /bin/sh;
			shellScript = "diff \"${PODS_PODFILE_DIR_PATH}/Podfile.lock\" \"${PODS_ROOT}/Manifest.lock\" > /dev/null\nif [ $? != 0 ] ; then\n    # print error to STDERR\n    echo \"error: The sandbox is not in sync with the Podfile.lock. Run 'pod install' or update your CocoaPods installation.\" >&2\n    exit 1\nfi\n# This output is used by Xcode 'outputs' to avoid re-running this script phase.\necho \"SUCCESS\" > \"${SCRIPT_OUTPUT_FILE_0}\"\n";
			showEnvVarsInLog = 0;
		};
		8393BA3D554170E8462DEAD2 /* [CP] Embed Pods Frameworks */ = {
			isa = PBXShellScriptBuildPhase;
			buildActionMask = 2147483647;
			files = (
			);
			inputPaths = (
				"${SRCROOT}/Pods/Target Support Files/Pods-BRIDGE-Driver/Pods-BRIDGE-Driver-frameworks.sh",
				"${BUILT_PRODUCTS_DIR}/GTMSessionFetcher/GTMSessionFetcher.framework",
				"${BUILT_PRODUCTS_DIR}/GoogleUtilities/GoogleUtilities.framework",
				"${BUILT_PRODUCTS_DIR}/PhoneNumberKit/PhoneNumberKit.framework",
				"${BUILT_PRODUCTS_DIR}/Protobuf/Protobuf.framework",
				"${BUILT_PRODUCTS_DIR}/leveldb-library/leveldb.framework",
				"${BUILT_PRODUCTS_DIR}/nanopb/nanopb.framework",
			);
			name = "[CP] Embed Pods Frameworks";
			outputPaths = (
				"${TARGET_BUILD_DIR}/${FRAMEWORKS_FOLDER_PATH}/GTMSessionFetcher.framework",
				"${TARGET_BUILD_DIR}/${FRAMEWORKS_FOLDER_PATH}/GoogleUtilities.framework",
				"${TARGET_BUILD_DIR}/${FRAMEWORKS_FOLDER_PATH}/PhoneNumberKit.framework",
				"${TARGET_BUILD_DIR}/${FRAMEWORKS_FOLDER_PATH}/Protobuf.framework",
				"${TARGET_BUILD_DIR}/${FRAMEWORKS_FOLDER_PATH}/leveldb.framework",
				"${TARGET_BUILD_DIR}/${FRAMEWORKS_FOLDER_PATH}/nanopb.framework",
			);
			runOnlyForDeploymentPostprocessing = 0;
			shellPath = /bin/sh;
			shellScript = "\"${SRCROOT}/Pods/Target Support Files/Pods-BRIDGE-Driver/Pods-BRIDGE-Driver-frameworks.sh\"\n";
			showEnvVarsInLog = 0;
		};
		B204367DD087BD351705B69F /* [CP] Copy Pods Resources */ = {
			isa = PBXShellScriptBuildPhase;
			buildActionMask = 2147483647;
			files = (
			);
			inputPaths = (
				"${SRCROOT}/Pods/Target Support Files/Pods-BRIDGE-Driver/Pods-BRIDGE-Driver-resources.sh",
				"${PODS_ROOT}/GoogleMaps/Maps/Frameworks/GoogleMaps.framework/Resources/GoogleMaps.bundle",
				"${PODS_ROOT}/GooglePlaces/Frameworks/GooglePlaces.framework/Resources/GooglePlaces.bundle",
			);
			name = "[CP] Copy Pods Resources";
			outputPaths = (
				"${TARGET_BUILD_DIR}/${UNLOCALIZED_RESOURCES_FOLDER_PATH}/GoogleMaps.bundle",
				"${TARGET_BUILD_DIR}/${UNLOCALIZED_RESOURCES_FOLDER_PATH}/GooglePlaces.bundle",
			);
			runOnlyForDeploymentPostprocessing = 0;
			shellPath = /bin/sh;
			shellScript = "\"${SRCROOT}/Pods/Target Support Files/Pods-BRIDGE-Driver/Pods-BRIDGE-Driver-resources.sh\"\n";
			showEnvVarsInLog = 0;
		};
/* End PBXShellScriptBuildPhase section */

/* Begin PBXSourcesBuildPhase section */
		4F121923210F7B0100BE0BD4 /* Sources */ = {
			isa = PBXSourcesBuildPhase;
			buildActionMask = 2147483647;
			files = (
				4F121945210F8B3400BE0BD4 /* WelcomeViewController.swift in Sources */,
				4F73376B2112302C00DD005E /* MapsNavViewController.swift in Sources */,
				4F12194E210FA3B000BE0BD4 /* ConnectionErrorViewController.swift in Sources */,
				4F1B30092110CDFF004EF617 /* AccountViewController.swift in Sources */,
				4F12194F210FA3B000BE0BD4 /* CheckUserLoggedViewController.swift in Sources */,
				4F121933210F7B0100BE0BD4 /* BRIDGE_Driver.xcdatamodeld in Sources */,
				4FF938E3211E635900C55AFE /* RiderLocationViewController.swift in Sources */,
				4F12195F210FE1DB00BE0BD4 /* RideRequestsTableViewCell.swift in Sources */,
				4F12195C210FE1B900BE0BD4 /* DriverNavViewController.swift in Sources */,
				4F121950210FA3B000BE0BD4 /* ConnectionCheckerViewController.swift in Sources */,
				4F12195D210FE1B900BE0BD4 /* DriverViewController.swift in Sources */,
				4F121946210F8B3400BE0BD4 /* ViewController.swift in Sources */,
				4F12192B210F7B0100BE0BD4 /* AppDelegate.swift in Sources */,
				4FF938E7211EC88600C55AFE /* DestMapsNavViewController.swift in Sources */,
				4F121959210FB7CE00BE0BD4 /* Initialization.swift in Sources */,
			);
			runOnlyForDeploymentPostprocessing = 0;
		};
/* End PBXSourcesBuildPhase section */

/* Begin PBXVariantGroup section */
		4F12192E210F7B0100BE0BD4 /* Main.storyboard */ = {
			isa = PBXVariantGroup;
			children = (
				4F12192F210F7B0100BE0BD4 /* Base */,
			);
			name = Main.storyboard;
			sourceTree = "<group>";
		};
		4F121936210F7B0400BE0BD4 /* LaunchScreen.storyboard */ = {
			isa = PBXVariantGroup;
			children = (
				4F121937210F7B0400BE0BD4 /* Base */,
			);
			name = LaunchScreen.storyboard;
			sourceTree = "<group>";
		};
/* End PBXVariantGroup section */

/* Begin XCBuildConfiguration section */
		4F12193A210F7B0400BE0BD4 /* Debug */ = {
			isa = XCBuildConfiguration;
			buildSettings = {
				ALWAYS_SEARCH_USER_PATHS = NO;
				CLANG_ANALYZER_NONNULL = YES;
				CLANG_ANALYZER_NUMBER_OBJECT_CONVERSION = YES_AGGRESSIVE;
				CLANG_CXX_LANGUAGE_STANDARD = "gnu++14";
				CLANG_CXX_LIBRARY = "libc++";
				CLANG_ENABLE_MODULES = YES;
				CLANG_ENABLE_OBJC_ARC = YES;
				CLANG_ENABLE_OBJC_WEAK = YES;
				CLANG_WARN_BLOCK_CAPTURE_AUTORELEASING = YES;
				CLANG_WARN_BOOL_CONVERSION = YES;
				CLANG_WARN_COMMA = YES;
				CLANG_WARN_CONSTANT_CONVERSION = YES;
				CLANG_WARN_DEPRECATED_OBJC_IMPLEMENTATIONS = YES;
				CLANG_WARN_DIRECT_OBJC_ISA_USAGE = YES_ERROR;
				CLANG_WARN_DOCUMENTATION_COMMENTS = YES;
				CLANG_WARN_EMPTY_BODY = YES;
				CLANG_WARN_ENUM_CONVERSION = YES;
				CLANG_WARN_INFINITE_RECURSION = YES;
				CLANG_WARN_INT_CONVERSION = YES;
				CLANG_WARN_NON_LITERAL_NULL_CONVERSION = YES;
				CLANG_WARN_OBJC_IMPLICIT_RETAIN_SELF = YES;
				CLANG_WARN_OBJC_LITERAL_CONVERSION = YES;
				CLANG_WARN_OBJC_ROOT_CLASS = YES_ERROR;
				CLANG_WARN_RANGE_LOOP_ANALYSIS = YES;
				CLANG_WARN_STRICT_PROTOTYPES = YES;
				CLANG_WARN_SUSPICIOUS_MOVE = YES;
				CLANG_WARN_UNGUARDED_AVAILABILITY = YES_AGGRESSIVE;
				CLANG_WARN_UNREACHABLE_CODE = YES;
				CLANG_WARN__DUPLICATE_METHOD_MATCH = YES;
				CODE_SIGN_IDENTITY = "iPhone Developer";
				COPY_PHASE_STRIP = NO;
				DEBUG_INFORMATION_FORMAT = dwarf;
				ENABLE_STRICT_OBJC_MSGSEND = YES;
				ENABLE_TESTABILITY = YES;
				GCC_C_LANGUAGE_STANDARD = gnu11;
				GCC_DYNAMIC_NO_PIC = NO;
				GCC_NO_COMMON_BLOCKS = YES;
				GCC_OPTIMIZATION_LEVEL = 0;
				GCC_PREPROCESSOR_DEFINITIONS = (
					"DEBUG=1",
					"$(inherited)",
				);
				GCC_WARN_64_TO_32_BIT_CONVERSION = YES;
				GCC_WARN_ABOUT_RETURN_TYPE = YES_ERROR;
				GCC_WARN_UNDECLARED_SELECTOR = YES;
				GCC_WARN_UNINITIALIZED_AUTOS = YES_AGGRESSIVE;
				GCC_WARN_UNUSED_FUNCTION = YES;
				GCC_WARN_UNUSED_VARIABLE = YES;
				IPHONEOS_DEPLOYMENT_TARGET = 11.4;
				MTL_ENABLE_DEBUG_INFO = YES;
				ONLY_ACTIVE_ARCH = YES;
				SDKROOT = iphoneos;
				SWIFT_ACTIVE_COMPILATION_CONDITIONS = DEBUG;
				SWIFT_OPTIMIZATION_LEVEL = "-Onone";
			};
			name = Debug;
		};
		4F12193B210F7B0400BE0BD4 /* Release */ = {
			isa = XCBuildConfiguration;
			buildSettings = {
				ALWAYS_SEARCH_USER_PATHS = NO;
				CLANG_ANALYZER_NONNULL = YES;
				CLANG_ANALYZER_NUMBER_OBJECT_CONVERSION = YES_AGGRESSIVE;
				CLANG_CXX_LANGUAGE_STANDARD = "gnu++14";
				CLANG_CXX_LIBRARY = "libc++";
				CLANG_ENABLE_MODULES = YES;
				CLANG_ENABLE_OBJC_ARC = YES;
				CLANG_ENABLE_OBJC_WEAK = YES;
				CLANG_WARN_BLOCK_CAPTURE_AUTORELEASING = YES;
				CLANG_WARN_BOOL_CONVERSION = YES;
				CLANG_WARN_COMMA = YES;
				CLANG_WARN_CONSTANT_CONVERSION = YES;
				CLANG_WARN_DEPRECATED_OBJC_IMPLEMENTATIONS = YES;
				CLANG_WARN_DIRECT_OBJC_ISA_USAGE = YES_ERROR;
				CLANG_WARN_DOCUMENTATION_COMMENTS = YES;
				CLANG_WARN_EMPTY_BODY = YES;
				CLANG_WARN_ENUM_CONVERSION = YES;
				CLANG_WARN_INFINITE_RECURSION = YES;
				CLANG_WARN_INT_CONVERSION = YES;
				CLANG_WARN_NON_LITERAL_NULL_CONVERSION = YES;
				CLANG_WARN_OBJC_IMPLICIT_RETAIN_SELF = YES;
				CLANG_WARN_OBJC_LITERAL_CONVERSION = YES;
				CLANG_WARN_OBJC_ROOT_CLASS = YES_ERROR;
				CLANG_WARN_RANGE_LOOP_ANALYSIS = YES;
				CLANG_WARN_STRICT_PROTOTYPES = YES;
				CLANG_WARN_SUSPICIOUS_MOVE = YES;
				CLANG_WARN_UNGUARDED_AVAILABILITY = YES_AGGRESSIVE;
				CLANG_WARN_UNREACHABLE_CODE = YES;
				CLANG_WARN__DUPLICATE_METHOD_MATCH = YES;
				CODE_SIGN_IDENTITY = "iPhone Developer";
				COPY_PHASE_STRIP = NO;
				DEBUG_INFORMATION_FORMAT = "dwarf-with-dsym";
				ENABLE_NS_ASSERTIONS = NO;
				ENABLE_STRICT_OBJC_MSGSEND = YES;
				GCC_C_LANGUAGE_STANDARD = gnu11;
				GCC_NO_COMMON_BLOCKS = YES;
				GCC_WARN_64_TO_32_BIT_CONVERSION = YES;
				GCC_WARN_ABOUT_RETURN_TYPE = YES_ERROR;
				GCC_WARN_UNDECLARED_SELECTOR = YES;
				GCC_WARN_UNINITIALIZED_AUTOS = YES_AGGRESSIVE;
				GCC_WARN_UNUSED_FUNCTION = YES;
				GCC_WARN_UNUSED_VARIABLE = YES;
				IPHONEOS_DEPLOYMENT_TARGET = 11.4;
				MTL_ENABLE_DEBUG_INFO = NO;
				SDKROOT = iphoneos;
				SWIFT_COMPILATION_MODE = wholemodule;
				SWIFT_OPTIMIZATION_LEVEL = "-O";
				VALIDATE_PRODUCT = YES;
			};
			name = Release;
		};
		4F12193D210F7B0400BE0BD4 /* Debug */ = {
			isa = XCBuildConfiguration;
			baseConfigurationReference = 82B8781CE4C24408E5C9E78C /* Pods-BRIDGE-Driver.debug.xcconfig */;
			buildSettings = {
				ASSETCATALOG_COMPILER_APPICON_NAME = AppIcon;
				CODE_SIGN_ENTITLEMENTS = "BRIDGE-Driver/BRIDGE-Driver.entitlements";
				CODE_SIGN_STYLE = Automatic;
				DEVELOPMENT_TEAM = EN646ZUBQA;
				INFOPLIST_FILE = "BRIDGE-Driver/Info.plist";
				IPHONEOS_DEPLOYMENT_TARGET = 11.0;
				LD_RUNPATH_SEARCH_PATHS = (
					"$(inherited)",
					"@executable_path/Frameworks",
				);
				PRODUCT_BUNDLE_IDENTIFIER = "com.bk1031.BRIDGE-Driver";
				PRODUCT_NAME = "$(TARGET_NAME)";
				SWIFT_VERSION = 4.0;
				TARGETED_DEVICE_FAMILY = 1;
			};
			name = Debug;
		};
		4F12193E210F7B0400BE0BD4 /* Release */ = {
			isa = XCBuildConfiguration;
			baseConfigurationReference = 05B72B315184D7AF5A483612 /* Pods-BRIDGE-Driver.release.xcconfig */;
			buildSettings = {
				ASSETCATALOG_COMPILER_APPICON_NAME = AppIcon;
				CODE_SIGN_ENTITLEMENTS = "BRIDGE-Driver/BRIDGE-Driver.entitlements";
				CODE_SIGN_STYLE = Automatic;
				DEVELOPMENT_TEAM = EN646ZUBQA;
				INFOPLIST_FILE = "BRIDGE-Driver/Info.plist";
				IPHONEOS_DEPLOYMENT_TARGET = 11.0;
				LD_RUNPATH_SEARCH_PATHS = (
					"$(inherited)",
					"@executable_path/Frameworks",
				);
				PRODUCT_BUNDLE_IDENTIFIER = "com.bk1031.BRIDGE-Driver";
				PRODUCT_NAME = "$(TARGET_NAME)";
				SWIFT_VERSION = 4.0;
				TARGETED_DEVICE_FAMILY = 1;
			};
			name = Release;
		};
/* End XCBuildConfiguration section */

/* Begin XCConfigurationList section */
		4F121922210F7B0100BE0BD4 /* Build configuration list for PBXProject "BRIDGE-Driver" */ = {
			isa = XCConfigurationList;
			buildConfigurations = (
				4F12193A210F7B0400BE0BD4 /* Debug */,
				4F12193B210F7B0400BE0BD4 /* Release */,
			);
			defaultConfigurationIsVisible = 0;
			defaultConfigurationName = Release;
		};
		4F12193C210F7B0400BE0BD4 /* Build configuration list for PBXNativeTarget "BRIDGE-Driver" */ = {
			isa = XCConfigurationList;
			buildConfigurations = (
				4F12193D210F7B0400BE0BD4 /* Debug */,
				4F12193E210F7B0400BE0BD4 /* Release */,
			);
			defaultConfigurationIsVisible = 0;
			defaultConfigurationName = Release;
		};
/* End XCConfigurationList section */

/* Begin XCVersionGroup section */
		4F121931210F7B0100BE0BD4 /* BRIDGE_Driver.xcdatamodeld */ = {
			isa = XCVersionGroup;
			children = (
				4F121932210F7B0100BE0BD4 /* BRIDGE_Driver.xcdatamodel */,
			);
			currentVersion = 4F121932210F7B0100BE0BD4 /* BRIDGE_Driver.xcdatamodel */;
			path = BRIDGE_Driver.xcdatamodeld;
			sourceTree = "<group>";
			versionGroupType = wrapper.xcdatamodel;
		};
/* End XCVersionGroup section */
	};
	rootObject = 4F12191F210F7B0100BE0BD4 /* Project object */;
}
