// !$*UTF8*$!
{
	archiveVersion = 1;
	classes = {
	};
	objectVersion = 50;
	objects = {

/* Begin PBXBuildFile section */
		4F12192B210F7B0100BE0BD4 /* AppDelegate.swift in Sources */ = {isa = PBXBuildFile; fileRef = 4F12192A210F7B0100BE0BD4 /* AppDelegate.swift */; };
		4F12192D210F7B0100BE0BD4 /* ViewController.swift in Sources */ = {isa = PBXBuildFile; fileRef = 4F12192C210F7B0100BE0BD4 /* ViewController.swift */; };
		4F121930210F7B0100BE0BD4 /* Main.storyboard in Resources */ = {isa = PBXBuildFile; fileRef = 4F12192E210F7B0100BE0BD4 /* Main.storyboard */; };
		4F121933210F7B0100BE0BD4 /* BRIDGE_Driver.xcdatamodeld in Sources */ = {isa = PBXBuildFile; fileRef = 4F121931210F7B0100BE0BD4 /* BRIDGE_Driver.xcdatamodeld */; };
		4F121935210F7B0400BE0BD4 /* Assets.xcassets in Resources */ = {isa = PBXBuildFile; fileRef = 4F121934210F7B0400BE0BD4 /* Assets.xcassets */; };
		4F121938210F7B0400BE0BD4 /* LaunchScreen.storyboard in Resources */ = {isa = PBXBuildFile; fileRef = 4F121936210F7B0400BE0BD4 /* LaunchScreen.storyboard */; };
/* End PBXBuildFile section */

/* Begin PBXFileReference section */
		4F121927210F7B0100BE0BD4 /* BRIDGE-Driver.app */ = {isa = PBXFileReference; explicitFileType = wrapper.application; includeInIndex = 0; path = "BRIDGE-Driver.app"; sourceTree = BUILT_PRODUCTS_DIR; };
		4F12192A210F7B0100BE0BD4 /* AppDelegate.swift */ = {isa = PBXFileReference; lastKnownFileType = sourcecode.swift; path = AppDelegate.swift; sourceTree = "<group>"; };
		4F12192C210F7B0100BE0BD4 /* ViewController.swift */ = {isa = PBXFileReference; lastKnownFileType = sourcecode.swift; path = ViewController.swift; sourceTree = "<group>"; };
		4F12192F210F7B0100BE0BD4 /* Base */ = {isa = PBXFileReference; lastKnownFileType = file.storyboard; name = Base; path = Base.lproj/Main.storyboard; sourceTree = "<group>"; };
		4F121932210F7B0100BE0BD4 /* BRIDGE_Driver.xcdatamodel */ = {isa = PBXFileReference; lastKnownFileType = wrapper.xcdatamodel; path = BRIDGE_Driver.xcdatamodel; sourceTree = "<group>"; };
		4F121934210F7B0400BE0BD4 /* Assets.xcassets */ = {isa = PBXFileReference; lastKnownFileType = folder.assetcatalog; path = Assets.xcassets; sourceTree = "<group>"; };
		4F121937210F7B0400BE0BD4 /* Base */ = {isa = PBXFileReference; lastKnownFileType = file.storyboard; name = Base; path = Base.lproj/LaunchScreen.storyboard; sourceTree = "<group>"; };
		4F121939210F7B0400BE0BD4 /* Info.plist */ = {isa = PBXFileReference; lastKnownFileType = text.plist.xml; path = Info.plist; sourceTree = "<group>"; };
/* End PBXFileReference section */

/* Begin PBXFrameworksBuildPhase section */
		4F121924210F7B0100BE0BD4 /* Frameworks */ = {
			isa = PBXFrameworksBuildPhase;
			buildActionMask = 2147483647;
			files = (
			);
			runOnlyForDeploymentPostprocessing = 0;
		};
/* End PBXFrameworksBuildPhase section */

/* Begin PBXGroup section */
		4F12191E210F7B0100BE0BD4 = {
			isa = PBXGroup;
			children = (
				4F121929210F7B0100BE0BD4 /* BRIDGE-Driver */,
				4F121928210F7B0100BE0BD4 /* Products */,
			);
			sourceTree = "<group>";
		};
		4F121928210F7B0100BE0BD4 /* Products */ = {
			isa = PBXGroup;
			children = (
				4F121927210F7B0100BE0BD4 /* BRIDGE-Driver.app */,
			);
			name = Products;
			sourceTree = "<group>";
		};
		4F121929210F7B0100BE0BD4 /* BRIDGE-Driver */ = {
			isa = PBXGroup;
			children = (
				4F12192A210F7B0100BE0BD4 /* AppDelegate.swift */,
				4F12192C210F7B0100BE0BD4 /* ViewController.swift */,
				4F12192E210F7B0100BE0BD4 /* Main.storyboard */,
				4F121934210F7B0400BE0BD4 /* Assets.xcassets */,
				4F121936210F7B0400BE0BD4 /* LaunchScreen.storyboard */,
				4F121939210F7B0400BE0BD4 /* Info.plist */,
				4F121931210F7B0100BE0BD4 /* BRIDGE_Driver.xcdatamodeld */,
			);
			path = "BRIDGE-Driver";
			sourceTree = "<group>";
		};
/* End PBXGroup section */

/* Begin PBXNativeTarget section */
		4F121926210F7B0100BE0BD4 /* BRIDGE-Driver */ = {
			isa = PBXNativeTarget;
			buildConfigurationList = 4F12193C210F7B0400BE0BD4 /* Build configuration list for PBXNativeTarget "BRIDGE-Driver" */;
			buildPhases = (
				4F121923210F7B0100BE0BD4 /* Sources */,
				4F121924210F7B0100BE0BD4 /* Frameworks */,
				4F121925210F7B0100BE0BD4 /* Resources */,
			);
			buildRules = (
			);
			dependencies = (
			);
			name = "BRIDGE-Driver";
			productName = "BRIDGE-Driver";
			productReference = 4F121927210F7B0100BE0BD4 /* BRIDGE-Driver.app */;
			productType = "com.apple.product-type.application";
		};
/* End PBXNativeTarget section */

/* Begin PBXProject section */
		4F12191F210F7B0100BE0BD4 /* Project object */ = {
			isa = PBXProject;
			attributes = {
				LastSwiftUpdateCheck = 0940;
				LastUpgradeCheck = 0940;
				ORGANIZATIONNAME = "Bharat Kathi";
				TargetAttributes = {
					4F121926210F7B0100BE0BD4 = {
						CreatedOnToolsVersion = 9.4.1;
					};
				};
			};
			buildConfigurationList = 4F121922210F7B0100BE0BD4 /* Build configuration list for PBXProject "BRIDGE-Driver" */;
			compatibilityVersion = "Xcode 9.3";
			developmentRegion = en;
			hasScannedForEncodings = 0;
			knownRegions = (
				en,
				Base,
			);
			mainGroup = 4F12191E210F7B0100BE0BD4;
			productRefGroup = 4F121928210F7B0100BE0BD4 /* Products */;
			projectDirPath = "";
			projectRoot = "";
			targets = (
				4F121926210F7B0100BE0BD4 /* BRIDGE-Driver */,
			);
		};
/* End PBXProject section */

/* Begin PBXResourcesBuildPhase section */
		4F121925210F7B0100BE0BD4 /* Resources */ = {
			isa = PBXResourcesBuildPhase;
			buildActionMask = 2147483647;
			files = (
				4F121938210F7B0400BE0BD4 /* LaunchScreen.storyboard in Resources */,
				4F121935210F7B0400BE0BD4 /* Assets.xcassets in Resources */,
				4F121930210F7B0100BE0BD4 /* Main.storyboard in Resources */,
			);
			runOnlyForDeploymentPostprocessing = 0;
		};
/* End PBXResourcesBuildPhase section */

/* Begin PBXSourcesBuildPhase section */
		4F121923210F7B0100BE0BD4 /* Sources */ = {
			isa = PBXSourcesBuildPhase;
			buildActionMask = 2147483647;
			files = (
				4F121933210F7B0100BE0BD4 /* BRIDGE_Driver.xcdatamodeld in Sources */,
				4F12192D210F7B0100BE0BD4 /* ViewController.swift in Sources */,
				4F12192B210F7B0100BE0BD4 /* AppDelegate.swift in Sources */,
			);
			runOnlyForDeploymentPostprocessing = 0;
		};
/* End PBXSourcesBuildPhase section */

/* Begin PBXVariantGroup section */
		4F12192E210F7B0100BE0BD4 /* Main.storyboard */ = {
			isa = PBXVariantGroup;
			children = (
				4F12192F210F7B0100BE0BD4 /* Base */,
			);
			name = Main.storyboard;
			sourceTree = "<group>";
		};
		4F121936210F7B0400BE0BD4 /* LaunchScreen.storyboard */ = {
			isa = PBXVariantGroup;
			children = (
				4F121937210F7B0400BE0BD4 /* Base */,
			);
			name = LaunchScreen.storyboard;
			sourceTree = "<group>";
		};
/* End PBXVariantGroup section */

/* Begin XCBuildConfiguration section */
		4F12193A210F7B0400BE0BD4 /* Debug */ = {
			isa = XCBuildConfiguration;
			buildSettings = {
				ALWAYS_SEARCH_USER_PATHS = NO;
				CLANG_ANALYZER_NONNULL = YES;
				CLANG_ANALYZER_NUMBER_OBJECT_CONVERSION = YES_AGGRESSIVE;
				CLANG_CXX_LANGUAGE_STANDARD = "gnu++14";
				CLANG_CXX_LIBRARY = "libc++";
				CLANG_ENABLE_MODULES = YES;
				CLANG_ENABLE_OBJC_ARC = YES;
				CLANG_ENABLE_OBJC_WEAK = YES;
				CLANG_WARN_BLOCK_CAPTURE_AUTORELEASING = YES;
				CLANG_WARN_BOOL_CONVERSION = YES;
				CLANG_WARN_COMMA = YES;
				CLANG_WARN_CONSTANT_CONVERSION = YES;
				CLANG_WARN_DEPRECATED_OBJC_IMPLEMENTATIONS = YES;
				CLANG_WARN_DIRECT_OBJC_ISA_USAGE = YES_ERROR;
				CLANG_WARN_DOCUMENTATION_COMMENTS = YES;
				CLANG_WARN_EMPTY_BODY = YES;
				CLANG_WARN_ENUM_CONVERSION = YES;
				CLANG_WARN_INFINITE_RECURSION = YES;
				CLANG_WARN_INT_CONVERSION = YES;
				CLANG_WARN_NON_LITERAL_NULL_CONVERSION = YES;
				CLANG_WARN_OBJC_IMPLICIT_RETAIN_SELF = YES;
				CLANG_WARN_OBJC_LITERAL_CONVERSION = YES;
				CLANG_WARN_OBJC_ROOT_CLASS = YES_ERROR;
				CLANG_WARN_RANGE_LOOP_ANALYSIS = YES;
				CLANG_WARN_STRICT_PROTOTYPES = YES;
				CLANG_WARN_SUSPICIOUS_MOVE = YES;
				CLANG_WARN_UNGUARDED_AVAILABILITY = YES_AGGRESSIVE;
				CLANG_WARN_UNREACHABLE_CODE = YES;
				CLANG_WARN__DUPLICATE_METHOD_MATCH = YES;
				CODE_SIGN_IDENTITY = "iPhone Developer";
				COPY_PHASE_STRIP = NO;
				DEBUG_INFORMATION_FORMAT = dwarf;
				ENABLE_STRICT_OBJC_MSGSEND = YES;
				ENABLE_TESTABILITY = YES;
				GCC_C_LANGUAGE_STANDARD = gnu11;
				GCC_DYNAMIC_NO_PIC = NO;
				GCC_NO_COMMON_BLOCKS = YES;
				GCC_OPTIMIZATION_LEVEL = 0;
				GCC_PREPROCESSOR_DEFINITIONS = (
					"DEBUG=1",
					"$(inherited)",
				);
				GCC_WARN_64_TO_32_BIT_CONVERSION = YES;
				GCC_WARN_ABOUT_RETURN_TYPE = YES_ERROR;
				GCC_WARN_UNDECLARED_SELECTOR = YES;
				GCC_WARN_UNINITIALIZED_AUTOS = YES_AGGRESSIVE;
				GCC_WARN_UNUSED_FUNCTION = YES;
				GCC_WARN_UNUSED_VARIABLE = YES;
				IPHONEOS_DEPLOYMENT_TARGET = 11.4;
				MTL_ENABLE_DEBUG_INFO = YES;
				ONLY_ACTIVE_ARCH = YES;
				SDKROOT = iphoneos;
				SWIFT_ACTIVE_COMPILATION_CONDITIONS = DEBUG;
				SWIFT_OPTIMIZATION_LEVEL = "-Onone";
			};
			name = Debug;
		};
		4F12193B210F7B0400BE0BD4 /* Release */ = {
			isa = XCBuildConfiguration;
			buildSettings = {
				ALWAYS_SEARCH_USER_PATHS = NO;
				CLANG_ANALYZER_NONNULL = YES;
				CLANG_ANALYZER_NUMBER_OBJECT_CONVERSION = YES_AGGRESSIVE;
				CLANG_CXX_LANGUAGE_STANDARD = "gnu++14";
				CLANG_CXX_LIBRARY = "libc++";
				CLANG_ENABLE_MODULES = YES;
				CLANG_ENABLE_OBJC_ARC = YES;
				CLANG_ENABLE_OBJC_WEAK = YES;
				CLANG_WARN_BLOCK_CAPTURE_AUTORELEASING = YES;
				CLANG_WARN_BOOL_CONVERSION = YES;
				CLANG_WARN_COMMA = YES;
				CLANG_WARN_CONSTANT_CONVERSION = YES;
				CLANG_WARN_DEPRECATED_OBJC_IMPLEMENTATIONS = YES;
				CLANG_WARN_DIRECT_OBJC_ISA_USAGE = YES_ERROR;
				CLANG_WARN_DOCUMENTATION_COMMENTS = YES;
				CLANG_WARN_EMPTY_BODY = YES;
				CLANG_WARN_ENUM_CONVERSION = YES;
				CLANG_WARN_INFINITE_RECURSION = YES;
				CLANG_WARN_INT_CONVERSION = YES;
				CLANG_WARN_NON_LITERAL_NULL_CONVERSION = YES;
				CLANG_WARN_OBJC_IMPLICIT_RETAIN_SELF = YES;
				CLANG_WARN_OBJC_LITERAL_CONVERSION = YES;
				CLANG_WARN_OBJC_ROOT_CLASS = YES_ERROR;
				CLANG_WARN_RANGE_LOOP_ANALYSIS = YES;
				CLANG_WARN_STRICT_PROTOTYPES = YES;
				CLANG_WARN_SUSPICIOUS_MOVE = YES;
				CLANG_WARN_UNGUARDED_AVAILABILITY = YES_AGGRESSIVE;
				CLANG_WARN_UNREACHABLE_CODE = YES;
				CLANG_WARN__DUPLICATE_METHOD_MATCH = YES;
				CODE_SIGN_IDENTITY = "iPhone Developer";
				COPY_PHASE_STRIP = NO;
				DEBUG_INFORMATION_FORMAT = "dwarf-with-dsym";
				ENABLE_NS_ASSERTIONS = NO;
				ENABLE_STRICT_OBJC_MSGSEND = YES;
				GCC_C_LANGUAGE_STANDARD = gnu11;
				GCC_NO_COMMON_BLOCKS = YES;
				GCC_WARN_64_TO_32_BIT_CONVERSION = YES;
				GCC_WARN_ABOUT_RETURN_TYPE = YES_ERROR;
				GCC_WARN_UNDECLARED_SELECTOR = YES;
				GCC_WARN_UNINITIALIZED_AUTOS = YES_AGGRESSIVE;
				GCC_WARN_UNUSED_FUNCTION = YES;
				GCC_WARN_UNUSED_VARIABLE = YES;
				IPHONEOS_DEPLOYMENT_TARGET = 11.4;
				MTL_ENABLE_DEBUG_INFO = NO;
				SDKROOT = iphoneos;
				SWIFT_COMPILATION_MODE = wholemodule;
				SWIFT_OPTIMIZATION_LEVEL = "-O";
				VALIDATE_PRODUCT = YES;
			};
			name = Release;
		};
		4F12193D210F7B0400BE0BD4 /* Debug */ = {
			isa = XCBuildConfiguration;
			buildSettings = {
				ASSETCATALOG_COMPILER_APPICON_NAME = AppIcon;
				CODE_SIGN_STYLE = Automatic;
				DEVELOPMENT_TEAM = EN646ZUBQA;
				INFOPLIST_FILE = "BRIDGE-Driver/Info.plist";
				LD_RUNPATH_SEARCH_PATHS = (
					"$(inherited)",
					"@executable_path/Frameworks",
				);
				PRODUCT_BUNDLE_IDENTIFIER = "com.bk1031.BRIDGE-Driver";
				PRODUCT_NAME = "$(TARGET_NAME)";
				SWIFT_VERSION = 4.0;
				TARGETED_DEVICE_FAMILY = "1,2";
			};
			name = Debug;
		};
		4F12193E210F7B0400BE0BD4 /* Release */ = {
			isa = XCBuildConfiguration;
			buildSettings = {
				ASSETCATALOG_COMPILER_APPICON_NAME = AppIcon;
				CODE_SIGN_STYLE = Automatic;
				DEVELOPMENT_TEAM = EN646ZUBQA;
				INFOPLIST_FILE = "BRIDGE-Driver/Info.plist";
				LD_RUNPATH_SEARCH_PATHS = (
					"$(inherited)",
					"@executable_path/Frameworks",
				);
				PRODUCT_BUNDLE_IDENTIFIER = "com.bk1031.BRIDGE-Driver";
				PRODUCT_NAME = "$(TARGET_NAME)";
				SWIFT_VERSION = 4.0;
				TARGETED_DEVICE_FAMILY = "1,2";
			};
			name = Release;
		};
/* End XCBuildConfiguration section */

/* Begin XCConfigurationList section */
		4F121922210F7B0100BE0BD4 /* Build configuration list for PBXProject "BRIDGE-Driver" */ = {
			isa = XCConfigurationList;
			buildConfigurations = (
				4F12193A210F7B0400BE0BD4 /* Debug */,
				4F12193B210F7B0400BE0BD4 /* Release */,
			);
			defaultConfigurationIsVisible = 0;
			defaultConfigurationName = Release;
		};
		4F12193C210F7B0400BE0BD4 /* Build configuration list for PBXNativeTarget "BRIDGE-Driver" */ = {
			isa = XCConfigurationList;
			buildConfigurations = (
				4F12193D210F7B0400BE0BD4 /* Debug */,
				4F12193E210F7B0400BE0BD4 /* Release */,
			);
			defaultConfigurationIsVisible = 0;
			defaultConfigurationName = Release;
		};
/* End XCConfigurationList section */

/* Begin XCVersionGroup section */
		4F121931210F7B0100BE0BD4 /* BRIDGE_Driver.xcdatamodeld */ = {
			isa = XCVersionGroup;
			children = (
				4F121932210F7B0100BE0BD4 /* BRIDGE_Driver.xcdatamodel */,
			);
			currentVersion = 4F121932210F7B0100BE0BD4 /* BRIDGE_Driver.xcdatamodel */;
			path = BRIDGE_Driver.xcdatamodeld;
			sourceTree = "<group>";
			versionGroupType = wrapper.xcdatamodel;
		};
/* End XCVersionGroup section */
	};
	rootObject = 4F12191F210F7B0100BE0BD4 /* Project object */;
}
